
Microsoft Visual Studio Solution File, Format Version 12.00
# Visual Studio Version 17
VisualStudioVersion = 17.9.34622.214
MinimumVisualStudioVersion = 10.0.40219.1
Project("{2150E333-8FDC-42A3-9474-1A3956D46DE8}") = "src", "src", "{109A401C-2EE6-4786-ADF2-536B815089F1}"
EndProject
Project("{2150E333-8FDC-42A3-9474-1A3956D46DE8}") = "Solution Items", "Solution Items", "{A1835684-D337-4676-B148-CA6265EDFEA6}"
	ProjectSection(SolutionItems) = preProject
		ServiceUrl.txt = ServiceUrl.txt
	EndProjectSection
EndProject
Project("{2150E333-8FDC-42A3-9474-1A3956D46DE8}") = "BuildingDlocks", "BuildingDlocks", "{D5FAF1E0-BB96-43E0-8748-F24995564C66}"
EndProject
Project("{2150E333-8FDC-42A3-9474-1A3956D46DE8}") = "Services", "Services", "{C56A1940-68F5-47AA-9A1E-83EA60215F4D}"
EndProject
Project("{2150E333-8FDC-42A3-9474-1A3956D46DE8}") = "Clients", "Clients", "{4814872D-8CA9-4E41-BAB0-732C1F1799A7}"
EndProject
Project("{2150E333-8FDC-42A3-9474-1A3956D46DE8}") = "ApiGateways", "ApiGateways", "{0B163519-118E-4E33-9324-0B7E984E98CF}"
EndProject
Project("{2150E333-8FDC-42A3-9474-1A3956D46DE8}") = "WebApiGetway", "WebApiGetway", "{EB3DD0A2-D7CB-40D5-A15B-D29C25E1A385}"
EndProject
Project("{FAE04EC0-301F-11D3-BF4B-00C04F79EFBC}") = "Web.ApiGateway", "src\ApiGateways\WebApiGateway\Web.ApiGateway\Web.ApiGateway.csproj", "{62129404-542F-4F9C-907C-31A4EE44E851}"
EndProject
Project("{2150E333-8FDC-42A3-9474-1A3956D46DE8}") = "EventBus", "EventBus", "{23E13503-A243-429C-AA8C-859B87DF1ED0}"
EndProject
Project("{FAE04EC0-301F-11D3-BF4B-00C04F79EFBC}") = "EventBus.Base", "src\BuildingDlocks\EventBus\EventBus.Base\EventBus.Base.csproj", "{ED6B9126-C342-461B-B24A-323AB9038077}"
EndProject
Project("{FAE04EC0-301F-11D3-BF4B-00C04F79EFBC}") = "EventBus.Factory", "src\BuildingDlocks\EventBus\EventBus.Factory\EventBus.Factory.csproj", "{F69441DC-A7C3-4081-B446-A585272D20C2}"
EndProject
Project("{FAE04EC0-301F-11D3-BF4B-00C04F79EFBC}") = "EventBus.AzureServiceBus", "src\BuildingDlocks\EventBus\EventBus.AzureServiceBus\EventBus.AzureServiceBus.csproj", "{1FFBED0B-545C-45C0-8F00-593026F5381D}"
EndProject
Project("{FAE04EC0-301F-11D3-BF4B-00C04F79EFBC}") = "EventBus.RabbitMQ", "src\BuildingDlocks\EventBus\EventBus.RabbitMQ\EventBus.RabbitMQ.csproj", "{3B97D3E4-F4DE-438E-8C71-9D2F99205735}"
EndProject
Project("{2150E333-8FDC-42A3-9474-1A3956D46DE8}") = "BlazorWebApp", "BlazorWebApp", "{00261E04-519D-42DE-8A8B-07B647756F4B}"
EndProject
Project("{FAE04EC0-301F-11D3-BF4B-00C04F79EFBC}") = "WebApp", "src\Clients\BlazorWebApp\WebApp\WebApp.csproj", "{B5F0CED3-CC85-47F6-AB52-82D6D29C8AA2}"
EndProject
Project("{2150E333-8FDC-42A3-9474-1A3956D46DE8}") = "BasketService", "BasketService", "{CCAC41BD-7690-4EE8-8B8C-96D3CCAECD96}"
EndProject
Project("{FAE04EC0-301F-11D3-BF4B-00C04F79EFBC}") = "BasketService.Api", "src\Services\BasketService\BasketService.Api\BasketService.Api.csproj", "{0255A9C1-AD22-4573-A75C-857D34B3E2E4}"
EndProject
Project("{2150E333-8FDC-42A3-9474-1A3956D46DE8}") = "CatalogService", "CatalogService", "{5A418CE0-5CD5-4D68-A870-1921DBF6B452}"
EndProject
Project("{FAE04EC0-301F-11D3-BF4B-00C04F79EFBC}") = "CatalogService", "src\Services\CatalogService\CatalogService\CatalogService.csproj", "{5880D12C-2F2C-47E5-BD14-94AE6AF17184}"
EndProject
Project("{2150E333-8FDC-42A3-9474-1A3956D46DE8}") = "IdentityService", "IdentityService", "{047FD7E4-2105-4E5C-B127-2ADC68B7F544}"
EndProject
Project("{FAE04EC0-301F-11D3-BF4B-00C04F79EFBC}") = "IdentityService.Api", "src\Services\IdentityService\IdentityService.Api\IdentityService.Api.csproj", "{676201C1-C96E-4424-A639-BB5F6159A310}"
EndProject
Project("{2150E333-8FDC-42A3-9474-1A3956D46DE8}") = "NotificationService", "NotificationService", "{F9518713-DEDE-4C15-8BFD-C781072ACFCC}"
EndProject
Project("{FAE04EC0-301F-11D3-BF4B-00C04F79EFBC}") = "NotificationService", "src\Services\NotificationService\NotificationService\NotificationService.csproj", "{E6288BEE-D692-4E15-87A0-5C62AA93CBDB}"
EndProject
Project("{2150E333-8FDC-42A3-9474-1A3956D46DE8}") = "OrderService", "OrderService", "{B9618A8C-E736-4A79-8071-FA6FB74609AC}"
EndProject
Project("{FAE04EC0-301F-11D3-BF4B-00C04F79EFBC}") = "OrderService.Application", "src\Services\OrderService\OrderService.Application\OrderService.Application.csproj", "{A272AE1F-5DD4-46AD-80C8-BD417C5E02A8}"
EndProject
Project("{FAE04EC0-301F-11D3-BF4B-00C04F79EFBC}") = "OrderService.Domain", "src\Services\OrderService\OrderService.Domain\OrderService.Domain.csproj", "{7654156F-DE6E-4B69-845D-EBB70F5B5EAD}"
EndProject
Project("{FAE04EC0-301F-11D3-BF4B-00C04F79EFBC}") = "OrderService.Infrastructure", "src\Services\OrderService\OrderService.Infrastructure\OrderService.Infrastructure.csproj", "{22F59D7A-7FE1-4CB3-931E-CBBC1867190C}"
EndProject
Project("{FAE04EC0-301F-11D3-BF4B-00C04F79EFBC}") = "OrderService.Api", "src\Services\OrderService\OrderService.Api\OrderService.Api.csproj", "{69C3696E-D0CD-4A20-961A-FF641F25A9D7}"
EndProject
Project("{2150E333-8FDC-42A3-9474-1A3956D46DE8}") = "PaymentService", "PaymentService", "{1781A52D-95A4-43F7-8679-F66695F8C61F}"
EndProject
Project("{FAE04EC0-301F-11D3-BF4B-00C04F79EFBC}") = "PaymentService.Api", "src\Services\PaymentService\PaymentService.Api\PaymentService.Api.csproj", "{63E1334B-EEDC-445C-A0FC-EB85D45DA404}"
EndProject
Global
	GlobalSection(SolutionConfigurationPlatforms) = preSolution
		Debug|Any CPU = Debug|Any CPU
		Release|Any CPU = Release|Any CPU
	EndGlobalSection
	GlobalSection(ProjectConfigurationPlatforms) = postSolution
		{62129404-542F-4F9C-907C-31A4EE44E851}.Debug|Any CPU.ActiveCfg = Debug|Any CPU
		{62129404-542F-4F9C-907C-31A4EE44E851}.Debug|Any CPU.Build.0 = Debug|Any CPU
		{62129404-542F-4F9C-907C-31A4EE44E851}.Release|Any CPU.ActiveCfg = Release|Any CPU
		{62129404-542F-4F9C-907C-31A4EE44E851}.Release|Any CPU.Build.0 = Release|Any CPU
		{ED6B9126-C342-461B-B24A-323AB9038077}.Debug|Any CPU.ActiveCfg = Debug|Any CPU
		{ED6B9126-C342-461B-B24A-323AB9038077}.Debug|Any CPU.Build.0 = Debug|Any CPU
		{ED6B9126-C342-461B-B24A-323AB9038077}.Release|Any CPU.ActiveCfg = Release|Any CPU
		{ED6B9126-C342-461B-B24A-323AB9038077}.Release|Any CPU.Build.0 = Release|Any CPU
		{F69441DC-A7C3-4081-B446-A585272D20C2}.Debug|Any CPU.ActiveCfg = Debug|Any CPU
		{F69441DC-A7C3-4081-B446-A585272D20C2}.Debug|Any CPU.Build.0 = Debug|Any CPU
		{F69441DC-A7C3-4081-B446-A585272D20C2}.Release|Any CPU.ActiveCfg = Release|Any CPU
		{F69441DC-A7C3-4081-B446-A585272D20C2}.Release|Any CPU.Build.0 = Release|Any CPU
		{1FFBED0B-545C-45C0-8F00-593026F5381D}.Debug|Any CPU.ActiveCfg = Debug|Any CPU
		{1FFBED0B-545C-45C0-8F00-593026F5381D}.Debug|Any CPU.Build.0 = Debug|Any CPU
		{1FFBED0B-545C-45C0-8F00-593026F5381D}.Release|Any CPU.ActiveCfg = Release|Any CPU
		{1FFBED0B-545C-45C0-8F00-593026F5381D}.Release|Any CPU.Build.0 = Release|Any CPU
		{3B97D3E4-F4DE-438E-8C71-9D2F99205735}.Debug|Any CPU.ActiveCfg = Debug|Any CPU
		{3B97D3E4-F4DE-438E-8C71-9D2F99205735}.Debug|Any CPU.Build.0 = Debug|Any CPU
		{3B97D3E4-F4DE-438E-8C71-9D2F99205735}.Release|Any CPU.ActiveCfg = Release|Any CPU
		{3B97D3E4-F4DE-438E-8C71-9D2F99205735}.Release|Any CPU.Build.0 = Release|Any CPU
		{B5F0CED3-CC85-47F6-AB52-82D6D29C8AA2}.Debug|Any CPU.ActiveCfg = Debug|Any CPU
		{B5F0CED3-CC85-47F6-AB52-82D6D29C8AA2}.Debug|Any CPU.Build.0 = Debug|Any CPU
		{B5F0CED3-CC85-47F6-AB52-82D6D29C8AA2}.Release|Any CPU.ActiveCfg = Release|Any CPU
		{B5F0CED3-CC85-47F6-AB52-82D6D29C8AA2}.Release|Any CPU.Build.0 = Release|Any CPU
		{0255A9C1-AD22-4573-A75C-857D34B3E2E4}.Debug|Any CPU.ActiveCfg = Debug|Any CPU
		{0255A9C1-AD22-4573-A75C-857D34B3E2E4}.Debug|Any CPU.Build.0 = Debug|Any CPU
		{0255A9C1-AD22-4573-A75C-857D34B3E2E4}.Release|Any CPU.ActiveCfg = Release|Any CPU
		{0255A9C1-AD22-4573-A75C-857D34B3E2E4}.Release|Any CPU.Build.0 = Release|Any CPU
		{5880D12C-2F2C-47E5-BD14-94AE6AF17184}.Debug|Any CPU.ActiveCfg = Debug|Any CPU
		{5880D12C-2F2C-47E5-BD14-94AE6AF17184}.Debug|Any CPU.Build.0 = Debug|Any CPU
		{5880D12C-2F2C-47E5-BD14-94AE6AF17184}.Release|Any CPU.ActiveCfg = Release|Any CPU
		{5880D12C-2F2C-47E5-BD14-94AE6AF17184}.Release|Any CPU.Build.0 = Release|Any CPU
		{676201C1-C96E-4424-A639-BB5F6159A310}.Debug|Any CPU.ActiveCfg = Debug|Any CPU
		{676201C1-C96E-4424-A639-BB5F6159A310}.Debug|Any CPU.Build.0 = Debug|Any CPU
		{676201C1-C96E-4424-A639-BB5F6159A310}.Release|Any CPU.ActiveCfg = Release|Any CPU
		{676201C1-C96E-4424-A639-BB5F6159A310}.Release|Any CPU.Build.0 = Release|Any CPU
		{E6288BEE-D692-4E15-87A0-5C62AA93CBDB}.Debug|Any CPU.ActiveCfg = Debug|Any CPU
		{E6288BEE-D692-4E15-87A0-5C62AA93CBDB}.Debug|Any CPU.Build.0 = Debug|Any CPU
		{E6288BEE-D692-4E15-87A0-5C62AA93CBDB}.Release|Any CPU.ActiveCfg = Release|Any CPU
		{E6288BEE-D692-4E15-87A0-5C62AA93CBDB}.Release|Any CPU.Build.0 = Release|Any CPU
		{A272AE1F-5DD4-46AD-80C8-BD417C5E02A8}.Debug|Any CPU.ActiveCfg = Debug|Any CPU
		{A272AE1F-5DD4-46AD-80C8-BD417C5E02A8}.Debug|Any CPU.Build.0 = Debug|Any CPU
		{A272AE1F-5DD4-46AD-80C8-BD417C5E02A8}.Release|Any CPU.ActiveCfg = Release|Any CPU
		{A272AE1F-5DD4-46AD-80C8-BD417C5E02A8}.Release|Any CPU.Build.0 = Release|Any CPU
		{7654156F-DE6E-4B69-845D-EBB70F5B5EAD}.Debug|Any CPU.ActiveCfg = Debug|Any CPU
		{7654156F-DE6E-4B69-845D-EBB70F5B5EAD}.Debug|Any CPU.Build.0 = Debug|Any CPU
		{7654156F-DE6E-4B69-845D-EBB70F5B5EAD}.Release|Any CPU.ActiveCfg = Release|Any CPU
		{7654156F-DE6E-4B69-845D-EBB70F5B5EAD}.Release|Any CPU.Build.0 = Release|Any CPU
		{22F59D7A-7FE1-4CB3-931E-CBBC1867190C}.Debug|Any CPU.ActiveCfg = Debug|Any CPU
		{22F59D7A-7FE1-4CB3-931E-CBBC1867190C}.Debug|Any CPU.Build.0 = Debug|Any CPU
		{22F59D7A-7FE1-4CB3-931E-CBBC1867190C}.Release|Any CPU.ActiveCfg = Release|Any CPU
		{22F59D7A-7FE1-4CB3-931E-CBBC1867190C}.Release|Any CPU.Build.0 = Release|Any CPU
		{69C3696E-D0CD-4A20-961A-FF641F25A9D7}.Debug|Any CPU.ActiveCfg = Debug|Any CPU
		{69C3696E-D0CD-4A20-961A-FF641F25A9D7}.Debug|Any CPU.Build.0 = Debug|Any CPU
		{69C3696E-D0CD-4A20-961A-FF641F25A9D7}.Release|Any CPU.ActiveCfg = Release|Any CPU
		{69C3696E-D0CD-4A20-961A-FF641F25A9D7}.Release|Any CPU.Build.0 = Release|Any CPU
		{63E1334B-EEDC-445C-A0FC-EB85D45DA404}.Debug|Any CPU.ActiveCfg = Debug|Any CPU
		{63E1334B-EEDC-445C-A0FC-EB85D45DA404}.Debug|Any CPU.Build.0 = Debug|Any CPU
		{63E1334B-EEDC-445C-A0FC-EB85D45DA404}.Release|Any CPU.ActiveCfg = Release|Any CPU
		{63E1334B-EEDC-445C-A0FC-EB85D45DA404}.Release|Any CPU.Build.0 = Release|Any CPU
	EndGlobalSection
	GlobalSection(SolutionProperties) = preSolution
		HideSolutionNode = FALSE
	EndGlobalSection
	GlobalSection(NestedProjects) = preSolution
		{D5FAF1E0-BB96-43E0-8748-F24995564C66} = {109A401C-2EE6-4786-ADF2-536B815089F1}
		{C56A1940-68F5-47AA-9A1E-83EA60215F4D} = {109A401C-2EE6-4786-ADF2-536B815089F1}
		{4814872D-8CA9-4E41-BAB0-732C1F1799A7} = {109A401C-2EE6-4786-ADF2-536B815089F1}
		{0B163519-118E-4E33-9324-0B7E984E98CF} = {109A401C-2EE6-4786-ADF2-536B815089F1}
		{EB3DD0A2-D7CB-40D5-A15B-D29C25E1A385} = {0B163519-118E-4E33-9324-0B7E984E98CF}
		{62129404-542F-4F9C-907C-31A4EE44E851} = {EB3DD0A2-D7CB-40D5-A15B-D29C25E1A385}
		{23E13503-A243-429C-AA8C-859B87DF1ED0} = {D5FAF1E0-BB96-43E0-8748-F24995564C66}
		{ED6B9126-C342-461B-B24A-323AB9038077} = {23E13503-A243-429C-AA8C-859B87DF1ED0}
		{F69441DC-A7C3-4081-B446-A585272D20C2} = {23E13503-A243-429C-AA8C-859B87DF1ED0}
		{1FFBED0B-545C-45C0-8F00-593026F5381D} = {23E13503-A243-429C-AA8C-859B87DF1ED0}
		{3B97D3E4-F4DE-438E-8C71-9D2F99205735} = {23E13503-A243-429C-AA8C-859B87DF1ED0}
		{00261E04-519D-42DE-8A8B-07B647756F4B} = {4814872D-8CA9-4E41-BAB0-732C1F1799A7}
		{B5F0CED3-CC85-47F6-AB52-82D6D29C8AA2} = {00261E04-519D-42DE-8A8B-07B647756F4B}
		{CCAC41BD-7690-4EE8-8B8C-96D3CCAECD96} = {C56A1940-68F5-47AA-9A1E-83EA60215F4D}
		{0255A9C1-AD22-4573-A75C-857D34B3E2E4} = {CCAC41BD-7690-4EE8-8B8C-96D3CCAECD96}
		{5A418CE0-5CD5-4D68-A870-1921DBF6B452} = {C56A1940-68F5-47AA-9A1E-83EA60215F4D}
		{5880D12C-2F2C-47E5-BD14-94AE6AF17184} = {5A418CE0-5CD5-4D68-A870-1921DBF6B452}
		{047FD7E4-2105-4E5C-B127-2ADC68B7F544} = {C56A1940-68F5-47AA-9A1E-83EA60215F4D}
		{676201C1-C96E-4424-A639-BB5F6159A310} = {047FD7E4-2105-4E5C-B127-2ADC68B7F544}
		{F9518713-DEDE-4C15-8BFD-C781072ACFCC} = {C56A1940-68F5-47AA-9A1E-83EA60215F4D}
		{E6288BEE-D692-4E15-87A0-5C62AA93CBDB} = {F9518713-DEDE-4C15-8BFD-C781072ACFCC}
		{B9618A8C-E736-4A79-8071-FA6FB74609AC} = {C56A1940-68F5-47AA-9A1E-83EA60215F4D}
		{A272AE1F-5DD4-46AD-80C8-BD417C5E02A8} = {B9618A8C-E736-4A79-8071-FA6FB74609AC}
		{7654156F-DE6E-4B69-845D-EBB70F5B5EAD} = {B9618A8C-E736-4A79-8071-FA6FB74609AC}
		{22F59D7A-7FE1-4CB3-931E-CBBC1867190C} = {B9618A8C-E736-4A79-8071-FA6FB74609AC}
		{69C3696E-D0CD-4A20-961A-FF641F25A9D7} = {B9618A8C-E736-4A79-8071-FA6FB74609AC}
		{1781A52D-95A4-43F7-8679-F66695F8C61F} = {C56A1940-68F5-47AA-9A1E-83EA60215F4D}
		{63E1334B-EEDC-445C-A0FC-EB85D45DA404} = {1781A52D-95A4-43F7-8679-F66695F8C61F}
	EndGlobalSection
	GlobalSection(ExtensibilityGlobals) = postSolution
		SolutionGuid = {491B0B2F-51A5-4D72-8EA0-5F3F036F5FC2}
	EndGlobalSection
EndGlobal
